
Microsoft Visual Studio Solution File, Format Version 12.00
# Visual Studio Version 17
VisualStudioVersion = 17.4.33205.214
MinimumVisualStudioVersion = 10.0.40219.1
Project("{888888A0-9F3D-457C-B088-3A5042F75D52}") = "TMDB_dump", "TMDB_dump.pyproj", "{CE78AD9F-D521-441B-BA0F-C4491E39690C}"
EndProject
Global
	GlobalSection(SolutionConfigurationPlatforms) = preSolution
		Debug|Any CPU = Debug|Any CPU
		Release|Any CPU = Release|Any CPU
	EndGlobalSection
	GlobalSection(ProjectConfigurationPlatforms) = postSolution
		{CE78AD9F-D521-441B-BA0F-C4491E39690C}.Debug|Any CPU.ActiveCfg = Debug|Any CPU
		{CE78AD9F-D521-441B-BA0F-C4491E39690C}.Release|Any CPU.ActiveCfg = Release|Any CPU
	EndGlobalSection
	GlobalSection(SolutionProperties) = preSolution
		HideSolutionNode = FALSE
	EndGlobalSection
	GlobalSection(ExtensibilityGlobals) = postSolution
		SolutionGuid = {E049668F-5813-4C92-A7C4-AEFFE6B7D7F6}
	EndGlobalSection
EndGlobal
